// !$*UTF8*$!
{
	archiveVersion = 1;
	classes = {
	};
	objectVersion = 56;
	objects = {

/* Begin PBXBuildFile section */
		B315731B2A515D7C003F3CA5 /* Utils.swift in Sources */ = {isa = PBXBuildFile; fileRef = B315731A2A515D7C003F3CA5 /* Utils.swift */; };
		B325227C2A5115A600A3F327 /* MovieViewResponse.swift in Sources */ = {isa = PBXBuildFile; fileRef = B325227B2A5115A600A3F327 /* MovieViewResponse.swift */; };
		B325227F2A5115D300A3F327 /* Movie.swift in Sources */ = {isa = PBXBuildFile; fileRef = B325227E2A5115D300A3F327 /* Movie.swift */; };
		B34D51802A516496004729AB /* MovieListRow.swift in Sources */ = {isa = PBXBuildFile; fileRef = B34D517F2A516496004729AB /* MovieListRow.swift */; };
		B34D51832A516C52004729AB /* ImageCache.swift in Sources */ = {isa = PBXBuildFile; fileRef = B34D51822A516C51004729AB /* ImageCache.swift */; };
		B34D51862A516C8B004729AB /* ImageLoaded.swift in Sources */ = {isa = PBXBuildFile; fileRef = B34D51852A516C8B004729AB /* ImageLoaded.swift */; };
		B36D1AE42A50FED300E84F67 /* TMDBSwiftApp.swift in Sources */ = {isa = PBXBuildFile; fileRef = B36D1AE32A50FED300E84F67 /* TMDBSwiftApp.swift */; };
		B36D1AE62A50FED300E84F67 /* ContentView.swift in Sources */ = {isa = PBXBuildFile; fileRef = B36D1AE52A50FED300E84F67 /* ContentView.swift */; };
		B36D1AE82A50FED700E84F67 /* Assets.xcassets in Resources */ = {isa = PBXBuildFile; fileRef = B36D1AE72A50FED700E84F67 /* Assets.xcassets */; };
		B36D1AEB2A50FED700E84F67 /* Preview Assets.xcassets in Resources */ = {isa = PBXBuildFile; fileRef = B36D1AEA2A50FED700E84F67 /* Preview Assets.xcassets */; };
		B36D1AF22A50FF2300E84F67 /* MovieDetailView.swift in Sources */ = {isa = PBXBuildFile; fileRef = B36D1AF12A50FF2300E84F67 /* MovieDetailView.swift */; };
/* End PBXBuildFile section */

/* Begin PBXFileReference section */
		B315731A2A515D7C003F3CA5 /* Utils.swift */ = {isa = PBXFileReference; lastKnownFileType = sourcecode.swift; path = Utils.swift; sourceTree = "<group>"; };
		B325227B2A5115A600A3F327 /* MovieViewResponse.swift */ = {isa = PBXFileReference; lastKnownFileType = sourcecode.swift; path = MovieViewResponse.swift; sourceTree = "<group>"; };
		B325227E2A5115D300A3F327 /* Movie.swift */ = {isa = PBXFileReference; lastKnownFileType = sourcecode.swift; path = Movie.swift; sourceTree = "<group>"; };
		B34D517F2A516496004729AB /* MovieListRow.swift */ = {isa = PBXFileReference; lastKnownFileType = sourcecode.swift; path = MovieListRow.swift; sourceTree = "<group>"; };
		B34D51822A516C51004729AB /* ImageCache.swift */ = {isa = PBXFileReference; lastKnownFileType = sourcecode.swift; path = ImageCache.swift; sourceTree = "<group>"; };
		B34D51852A516C8B004729AB /* ImageLoaded.swift */ = {isa = PBXFileReference; lastKnownFileType = sourcecode.swift; path = ImageLoaded.swift; sourceTree = "<group>"; };
		B36D1AE02A50FED300E84F67 /* TMDBSwift.app */ = {isa = PBXFileReference; explicitFileType = wrapper.application; includeInIndex = 0; path = TMDBSwift.app; sourceTree = BUILT_PRODUCTS_DIR; };
		B36D1AE32A50FED300E84F67 /* TMDBSwiftApp.swift */ = {isa = PBXFileReference; lastKnownFileType = sourcecode.swift; path = TMDBSwiftApp.swift; sourceTree = "<group>"; };
		B36D1AE52A50FED300E84F67 /* ContentView.swift */ = {isa = PBXFileReference; lastKnownFileType = sourcecode.swift; path = ContentView.swift; sourceTree = "<group>"; };
		B36D1AE72A50FED700E84F67 /* Assets.xcassets */ = {isa = PBXFileReference; lastKnownFileType = folder.assetcatalog; path = Assets.xcassets; sourceTree = "<group>"; };
		B36D1AEA2A50FED700E84F67 /* Preview Assets.xcassets */ = {isa = PBXFileReference; lastKnownFileType = folder.assetcatalog; path = "Preview Assets.xcassets"; sourceTree = "<group>"; };
		B36D1AF12A50FF2300E84F67 /* MovieDetailView.swift */ = {isa = PBXFileReference; lastKnownFileType = sourcecode.swift; path = MovieDetailView.swift; sourceTree = "<group>"; };
/* End PBXFileReference section */

/* Begin PBXFrameworksBuildPhase section */
		B36D1ADD2A50FED300E84F67 /* Frameworks */ = {
			isa = PBXFrameworksBuildPhase;
			buildActionMask = 2147483647;
			files = (
			);
			runOnlyForDeploymentPostprocessing = 0;
		};
/* End PBXFrameworksBuildPhase section */

/* Begin PBXGroup section */
		B31573172A515D3F003F3CA5 /* Views */ = {
			isa = PBXGroup;
			children = (
				B36D1AF12A50FF2300E84F67 /* MovieDetailView.swift */,
				B34D517F2A516496004729AB /* MovieListRow.swift */,
			);
			path = Views;
			sourceTree = "<group>";
		};
		B31573182A515D57003F3CA5 /* Network */ = {
			isa = PBXGroup;
			children = (
				B325227B2A5115A600A3F327 /* MovieViewResponse.swift */,
			);
			path = Network;
			sourceTree = "<group>";
		};
		B31573192A515D66003F3CA5 /* Util */ = {
			isa = PBXGroup;
			children = (
				B34D51812A516C3A004729AB /* Image */,
				B315731A2A515D7C003F3CA5 /* Utils.swift */,
			);
			path = Util;
			sourceTree = "<group>";
		};
		B325227D2A5115C600A3F327 /* Models */ = {
			isa = PBXGroup;
			children = (
				B325227E2A5115D300A3F327 /* Movie.swift */,
			);
			path = Models;
			sourceTree = "<group>";
		};
		B34D51812A516C3A004729AB /* Image */ = {
			isa = PBXGroup;
			children = (
				B34D51822A516C51004729AB /* ImageCache.swift */,
				B34D51852A516C8B004729AB /* ImageLoaded.swift */,
			);
			path = Image;
			sourceTree = "<group>";
		};
		B36D1AD72A50FED300E84F67 = {
			isa = PBXGroup;
			children = (
				B36D1AE22A50FED300E84F67 /* TMDBSwift */,
				B36D1AE12A50FED300E84F67 /* Products */,
			);
			sourceTree = "<group>";
		};
		B36D1AE12A50FED300E84F67 /* Products */ = {
			isa = PBXGroup;
			children = (
				B36D1AE02A50FED300E84F67 /* TMDBSwift.app */,
			);
			name = Products;
			sourceTree = "<group>";
		};
		B36D1AE22A50FED300E84F67 /* TMDBSwift */ = {
			isa = PBXGroup;
			children = (
				B31573192A515D66003F3CA5 /* Util */,
				B31573182A515D57003F3CA5 /* Network */,
				B31573172A515D3F003F3CA5 /* Views */,
				B325227D2A5115C600A3F327 /* Models */,
				B36D1AE32A50FED300E84F67 /* TMDBSwiftApp.swift */,
				B36D1AE52A50FED300E84F67 /* ContentView.swift */,
				B36D1AE72A50FED700E84F67 /* Assets.xcassets */,
				B36D1AE92A50FED700E84F67 /* Preview Content */,
			);
			path = TMDBSwift;
			sourceTree = "<group>";
		};
		B36D1AE92A50FED700E84F67 /* Preview Content */ = {
			isa = PBXGroup;
			children = (
				B36D1AEA2A50FED700E84F67 /* Preview Assets.xcassets */,
			);
			path = "Preview Content";
			sourceTree = "<group>";
		};
/* End PBXGroup section */

/* Begin PBXNativeTarget section */
		B36D1ADF2A50FED300E84F67 /* TMDBSwift */ = {
			isa = PBXNativeTarget;
			buildConfigurationList = B36D1AEE2A50FED700E84F67 /* Build configuration list for PBXNativeTarget "TMDBSwift" */;
			buildPhases = (
				B36D1ADC2A50FED300E84F67 /* Sources */,
				B36D1ADD2A50FED300E84F67 /* Frameworks */,
				B36D1ADE2A50FED300E84F67 /* Resources */,
			);
			buildRules = (
			);
			dependencies = (
			);
			name = TMDBSwift;
			productName = TMDBSwift;
			productReference = B36D1AE02A50FED300E84F67 /* TMDBSwift.app */;
			productType = "com.apple.product-type.application";
		};
/* End PBXNativeTarget section */

/* Begin PBXProject section */
		B36D1AD82A50FED300E84F67 /* Project object */ = {
			isa = PBXProject;
			attributes = {
				BuildIndependentTargetsInParallel = 1;
				LastSwiftUpdateCheck = 1420;
				LastUpgradeCheck = 1420;
				TargetAttributes = {
					B36D1ADF2A50FED300E84F67 = {
						CreatedOnToolsVersion = 14.2;
					};
				};
			};
			buildConfigurationList = B36D1ADB2A50FED300E84F67 /* Build configuration list for PBXProject "TMDBSwift" */;
			compatibilityVersion = "Xcode 14.0";
			developmentRegion = en;
			hasScannedForEncodings = 0;
			knownRegions = (
				en,
				Base,
			);
			mainGroup = B36D1AD72A50FED300E84F67;
			productRefGroup = B36D1AE12A50FED300E84F67 /* Products */;
			projectDirPath = "";
			projectRoot = "";
			targets = (
				B36D1ADF2A50FED300E84F67 /* TMDBSwift */,
			);
		};
/* End PBXProject section */

/* Begin PBXResourcesBuildPhase section */
		B36D1ADE2A50FED300E84F67 /* Resources */ = {
			isa = PBXResourcesBuildPhase;
			buildActionMask = 2147483647;
			files = (
				B36D1AEB2A50FED700E84F67 /* Preview Assets.xcassets in Resources */,
				B36D1AE82A50FED700E84F67 /* Assets.xcassets in Resources */,
			);
			runOnlyForDeploymentPostprocessing = 0;
		};
/* End PBXResourcesBuildPhase section */

/* Begin PBXSourcesBuildPhase section */
		B36D1ADC2A50FED300E84F67 /* Sources */ = {
			isa = PBXSourcesBuildPhase;
			buildActionMask = 2147483647;
			files = (
				B36D1AF22A50FF2300E84F67 /* MovieDetailView.swift in Sources */,
				B34D51802A516496004729AB /* MovieListRow.swift in Sources */,
				B34D51862A516C8B004729AB /* ImageLoaded.swift in Sources */,
				B36D1AE62A50FED300E84F67 /* ContentView.swift in Sources */,
				B34D51832A516C52004729AB /* ImageCache.swift in Sources */,
				B315731B2A515D7C003F3CA5 /* Utils.swift in Sources */,
				B36D1AE42A50FED300E84F67 /* TMDBSwiftApp.swift in Sources */,
				B325227C2A5115A600A3F327 /* MovieViewResponse.swift in Sources */,
				B325227F2A5115D300A3F327 /* Movie.swift in Sources */,
			);
			runOnlyForDeploymentPostprocessing = 0;
		};
/* End PBXSourcesBuildPhase section */

/* Begin XCBuildConfiguration section */
		B36D1AEC2A50FED700E84F67 /* Debug */ = {
			isa = XCBuildConfiguration;
			buildSettings = {
				ALWAYS_SEARCH_USER_PATHS = NO;
				CLANG_ANALYZER_NONNULL = YES;
				CLANG_ANALYZER_NUMBER_OBJECT_CONVERSION = YES_AGGRESSIVE;
				CLANG_CXX_LANGUAGE_STANDARD = "gnu++20";
				CLANG_ENABLE_MODULES = YES;
				CLANG_ENABLE_OBJC_ARC = YES;
				CLANG_ENABLE_OBJC_WEAK = YES;
				CLANG_WARN_BLOCK_CAPTURE_AUTORELEASING = YES;
				CLANG_WARN_BOOL_CONVERSION = YES;
				CLANG_WARN_COMMA = YES;
				CLANG_WARN_CONSTANT_CONVERSION = YES;
				CLANG_WARN_DEPRECATED_OBJC_IMPLEMENTATIONS = YES;
				CLANG_WARN_DIRECT_OBJC_ISA_USAGE = YES_ERROR;
				CLANG_WARN_DOCUMENTATION_COMMENTS = YES;
				CLANG_WARN_EMPTY_BODY = YES;
				CLANG_WARN_ENUM_CONVERSION = YES;
				CLANG_WARN_INFINITE_RECURSION = YES;
				CLANG_WARN_INT_CONVERSION = YES;
				CLANG_WARN_NON_LITERAL_NULL_CONVERSION = YES;
				CLANG_WARN_OBJC_IMPLICIT_RETAIN_SELF = YES;
				CLANG_WARN_OBJC_LITERAL_CONVERSION = YES;
				CLANG_WARN_OBJC_ROOT_CLASS = YES_ERROR;
				CLANG_WARN_QUOTED_INCLUDE_IN_FRAMEWORK_HEADER = YES;
				CLANG_WARN_RANGE_LOOP_ANALYSIS = YES;
				CLANG_WARN_STRICT_PROTOTYPES = YES;
				CLANG_WARN_SUSPICIOUS_MOVE = YES;
				CLANG_WARN_UNGUARDED_AVAILABILITY = YES_AGGRESSIVE;
				CLANG_WARN_UNREACHABLE_CODE = YES;
				CLANG_WARN__DUPLICATE_METHOD_MATCH = YES;
				COPY_PHASE_STRIP = NO;
				DEBUG_INFORMATION_FORMAT = dwarf;
				ENABLE_STRICT_OBJC_MSGSEND = YES;
				ENABLE_TESTABILITY = YES;
				GCC_C_LANGUAGE_STANDARD = gnu11;
				GCC_DYNAMIC_NO_PIC = NO;
				GCC_NO_COMMON_BLOCKS = YES;
				GCC_OPTIMIZATION_LEVEL = 0;
				GCC_PREPROCESSOR_DEFINITIONS = (
					"DEBUG=1",
					"$(inherited)",
				);
				GCC_WARN_64_TO_32_BIT_CONVERSION = YES;
				GCC_WARN_ABOUT_RETURN_TYPE = YES_ERROR;
				GCC_WARN_UNDECLARED_SELECTOR = YES;
				GCC_WARN_UNINITIALIZED_AUTOS = YES_AGGRESSIVE;
				GCC_WARN_UNUSED_FUNCTION = YES;
				GCC_WARN_UNUSED_VARIABLE = YES;
				IPHONEOS_DEPLOYMENT_TARGET = 16.2;
				MTL_ENABLE_DEBUG_INFO = INCLUDE_SOURCE;
				MTL_FAST_MATH = YES;
				ONLY_ACTIVE_ARCH = YES;
				SDKROOT = iphoneos;
				SWIFT_ACTIVE_COMPILATION_CONDITIONS = DEBUG;
				SWIFT_OPTIMIZATION_LEVEL = "-Onone";
			};
			name = Debug;
		};
		B36D1AED2A50FED700E84F67 /* Release */ = {
			isa = XCBuildConfiguration;
			buildSettings = {
				ALWAYS_SEARCH_USER_PATHS = NO;
				CLANG_ANALYZER_NONNULL = YES;
				CLANG_ANALYZER_NUMBER_OBJECT_CONVERSION = YES_AGGRESSIVE;
				CLANG_CXX_LANGUAGE_STANDARD = "gnu++20";
				CLANG_ENABLE_MODULES = YES;
				CLANG_ENABLE_OBJC_ARC = YES;
				CLANG_ENABLE_OBJC_WEAK = YES;
				CLANG_WARN_BLOCK_CAPTURE_AUTORELEASING = YES;
				CLANG_WARN_BOOL_CONVERSION = YES;
				CLANG_WARN_COMMA = YES;
				CLANG_WARN_CONSTANT_CONVERSION = YES;
				CLANG_WARN_DEPRECATED_OBJC_IMPLEMENTATIONS = YES;
				CLANG_WARN_DIRECT_OBJC_ISA_USAGE = YES_ERROR;
				CLANG_WARN_DOCUMENTATION_COMMENTS = YES;
				CLANG_WARN_EMPTY_BODY = YES;
				CLANG_WARN_ENUM_CONVERSION = YES;
				CLANG_WARN_INFINITE_RECURSION = YES;
				CLANG_WARN_INT_CONVERSION = YES;
				CLANG_WARN_NON_LITERAL_NULL_CONVERSION = YES;
				CLANG_WARN_OBJC_IMPLICIT_RETAIN_SELF = YES;
				CLANG_WARN_OBJC_LITERAL_CONVERSION = YES;
				CLANG_WARN_OBJC_ROOT_CLASS = YES_ERROR;
				CLANG_WARN_QUOTED_INCLUDE_IN_FRAMEWORK_HEADER = YES;
				CLANG_WARN_RANGE_LOOP_ANALYSIS = YES;
				CLANG_WARN_STRICT_PROTOTYPES = YES;
				CLANG_WARN_SUSPICIOUS_MOVE = YES;
				CLANG_WARN_UNGUARDED_AVAILABILITY = YES_AGGRESSIVE;
				CLANG_WARN_UNREACHABLE_CODE = YES;
				CLANG_WARN__DUPLICATE_METHOD_MATCH = YES;
				COPY_PHASE_STRIP = NO;
				DEBUG_INFORMATION_FORMAT = "dwarf-with-dsym";
				ENABLE_NS_ASSERTIONS = NO;
				ENABLE_STRICT_OBJC_MSGSEND = YES;
				GCC_C_LANGUAGE_STANDARD = gnu11;
				GCC_NO_COMMON_BLOCKS = YES;
				GCC_WARN_64_TO_32_BIT_CONVERSION = YES;
				GCC_WARN_ABOUT_RETURN_TYPE = YES_ERROR;
				GCC_WARN_UNDECLARED_SELECTOR = YES;
				GCC_WARN_UNINITIALIZED_AUTOS = YES_AGGRESSIVE;
				GCC_WARN_UNUSED_FUNCTION = YES;
				GCC_WARN_UNUSED_VARIABLE = YES;
				IPHONEOS_DEPLOYMENT_TARGET = 16.2;
				MTL_ENABLE_DEBUG_INFO = NO;
				MTL_FAST_MATH = YES;
				SDKROOT = iphoneos;
				SWIFT_COMPILATION_MODE = wholemodule;
				SWIFT_OPTIMIZATION_LEVEL = "-O";
				VALIDATE_PRODUCT = YES;
			};
			name = Release;
		};
		B36D1AEF2A50FED700E84F67 /* Debug */ = {
			isa = XCBuildConfiguration;
			buildSettings = {
				ASSETCATALOG_COMPILER_APPICON_NAME = AppIcon;
				ASSETCATALOG_COMPILER_GLOBAL_ACCENT_COLOR_NAME = AccentColor;
				ASSETCATALOG_COMPILER_INCLUDE_ALL_APPICON_ASSETS = YES;
				CODE_SIGN_STYLE = Automatic;
				CURRENT_PROJECT_VERSION = 1;
				DEVELOPMENT_ASSET_PATHS = "\"TMDBSwift/Preview Content\"";
				DEVELOPMENT_TEAM = 6PYDPZ95US;
				ENABLE_PREVIEWS = YES;
				GENERATE_INFOPLIST_FILE = YES;
				INFOPLIST_KEY_CFBundleDisplayName = "TMDB Movie";
				INFOPLIST_KEY_UIApplicationSceneManifest_Generation = YES;
				INFOPLIST_KEY_UIApplicationSupportsIndirectInputEvents = YES;
				INFOPLIST_KEY_UILaunchScreen_Generation = YES;
				INFOPLIST_KEY_UISupportedInterfaceOrientations = UIInterfaceOrientationPortrait;
				INFOPLIST_KEY_UISupportedInterfaceOrientations_iPad = "UIInterfaceOrientationLandscapeLeft UIInterfaceOrientationLandscapeRight UIInterfaceOrientationPortrait UIInterfaceOrientationPortraitUpsideDown";
				LD_RUNPATH_SEARCH_PATHS = (
					"$(inherited)",
					"@executable_path/Frameworks",
				);
				MARKETING_VERSION = 1.0;
				PRODUCT_BUNDLE_IDENTIFIER = com.william.ios.TMDBSwift;
				PRODUCT_NAME = "$(TARGET_NAME)";
				SWIFT_EMIT_LOC_STRINGS = YES;
				SWIFT_VERSION = 5.0;
				TARGETED_DEVICE_FAMILY = "1,2";
			};
			name = Debug;
		};
		B36D1AF02A50FED700E84F67 /* Release */ = {
			isa = XCBuildConfiguration;
			buildSettings = {
				ASSETCATALOG_COMPILER_APPICON_NAME = AppIcon;
				ASSETCATALOG_COMPILER_GLOBAL_ACCENT_COLOR_NAME = AccentColor;
				ASSETCATALOG_COMPILER_INCLUDE_ALL_APPICON_ASSETS = YES;
				CODE_SIGN_STYLE = Automatic;
				CURRENT_PROJECT_VERSION = 1;
				DEVELOPMENT_ASSET_PATHS = "\"TMDBSwift/Preview Content\"";
				DEVELOPMENT_TEAM = 6PYDPZ95US;
				ENABLE_PREVIEWS = YES;
				GENERATE_INFOPLIST_FILE = YES;
				INFOPLIST_KEY_CFBundleDisplayName = "TMDB Movie";
				INFOPLIST_KEY_UIApplicationSceneManifest_Generation = YES;
				INFOPLIST_KEY_UIApplicationSupportsIndirectInputEvents = YES;
				INFOPLIST_KEY_UILaunchScreen_Generation = YES;
				INFOPLIST_KEY_UISupportedInterfaceOrientations = UIInterfaceOrientationPortrait;
				INFOPLIST_KEY_UISupportedInterfaceOrientations_iPad = "UIInterfaceOrientationLandscapeLeft UIInterfaceOrientationLandscapeRight UIInterfaceOrientationPortrait UIInterfaceOrientationPortraitUpsideDown";
				LD_RUNPATH_SEARCH_PATHS = (
					"$(inherited)",
					"@executable_path/Frameworks",
				);
				MARKETING_VERSION = 1.0;
				PRODUCT_BUNDLE_IDENTIFIER = com.william.ios.TMDBSwift;
				PRODUCT_NAME = "$(TARGET_NAME)";
				SWIFT_EMIT_LOC_STRINGS = YES;
				SWIFT_VERSION = 5.0;
				TARGETED_DEVICE_FAMILY = "1,2";
			};
			name = Release;
		};
/* End XCBuildConfiguration section */

/* Begin XCConfigurationList section */
		B36D1ADB2A50FED300E84F67 /* Build configuration list for PBXProject "TMDBSwift" */ = {
			isa = XCConfigurationList;
			buildConfigurations = (
				B36D1AEC2A50FED700E84F67 /* Debug */,
				B36D1AED2A50FED700E84F67 /* Release */,
			);
			defaultConfigurationIsVisible = 0;
			defaultConfigurationName = Release;
		};
		B36D1AEE2A50FED700E84F67 /* Build configuration list for PBXNativeTarget "TMDBSwift" */ = {
			isa = XCConfigurationList;
			buildConfigurations = (
				B36D1AEF2A50FED700E84F67 /* Debug */,
				B36D1AF02A50FED700E84F67 /* Release */,
			);
			defaultConfigurationIsVisible = 0;
			defaultConfigurationName = Release;
		};
/* End XCConfigurationList section */
	};
	rootObject = B36D1AD82A50FED300E84F67 /* Project object */;
}
